
Microsoft Visual Studio Solution File, Format Version 12.00
# Visual Studio Version 17
VisualStudioVersion = 17.6.33815.320
MinimumVisualStudioVersion = 10.0.40219.1
Project("{54A90642-561A-4BB1-A94E-469ADEE60C69}") = "troggy-s-blizz-api-tool", "troggy-s-blizz-api-tool.esproj", "{A7DB61A7-A854-46C7-81A3-F950F84FD78B}"
EndProject
Global
	GlobalSection(SolutionConfigurationPlatforms) = preSolution
		Debug|Any CPU = Debug|Any CPU
		Release|Any CPU = Release|Any CPU
	EndGlobalSection
	GlobalSection(ProjectConfigurationPlatforms) = postSolution
		{A7DB61A7-A854-46C7-81A3-F950F84FD78B}.Debug|Any CPU.ActiveCfg = Debug|Any CPU
		{A7DB61A7-A854-46C7-81A3-F950F84FD78B}.Debug|Any CPU.Build.0 = Debug|Any CPU
		{A7DB61A7-A854-46C7-81A3-F950F84FD78B}.Debug|Any CPU.Deploy.0 = Debug|Any CPU
		{A7DB61A7-A854-46C7-81A3-F950F84FD78B}.Release|Any CPU.ActiveCfg = Release|Any CPU
		{A7DB61A7-A854-46C7-81A3-F950F84FD78B}.Release|Any CPU.Build.0 = Release|Any CPU
		{A7DB61A7-A854-46C7-81A3-F950F84FD78B}.Release|Any CPU.Deploy.0 = Release|Any CPU
	EndGlobalSection
	GlobalSection(SolutionProperties) = preSolution
		HideSolutionNode = FALSE
	EndGlobalSection
	GlobalSection(ExtensibilityGlobals) = postSolution
		SolutionGuid = {B57214CA-6D78-42F5-9B58-826C54C6C4ED}
	EndGlobalSection
EndGlobal
